
Microsoft Visual Studio Solution File, Format Version 12.00
Project("{FAE04EC0-301F-11D3-BF4B-00C04F79EFBC}") = "ConsoleUtils", "ConsoleUtils\ConsoleUtils.csproj", "{78967CFC-774F-47B7-A52D-E9A512869188}"
EndProject
Project("{FAE04EC0-301F-11D3-BF4B-00C04F79EFBC}") = "TestConsole", "TestConsole\TestConsole.csproj", "{AADBA09F-56AE-4506-A63D-33B957F6B60B}"
EndProject
Global
	GlobalSection(SolutionConfigurationPlatforms) = preSolution
		Debug|Any CPU = Debug|Any CPU
		Release|Any CPU = Release|Any CPU
	EndGlobalSection
	GlobalSection(ProjectConfigurationPlatforms) = postSolution
		{78967CFC-774F-47B7-A52D-E9A512869188}.Debug|Any CPU.ActiveCfg = Debug|Any CPU
		{78967CFC-774F-47B7-A52D-E9A512869188}.Debug|Any CPU.Build.0 = Debug|Any CPU
		{78967CFC-774F-47B7-A52D-E9A512869188}.Release|Any CPU.ActiveCfg = Release|Any CPU
		{78967CFC-774F-47B7-A52D-E9A512869188}.Release|Any CPU.Build.0 = Release|Any CPU
		{AADBA09F-56AE-4506-A63D-33B957F6B60B}.Debug|Any CPU.ActiveCfg = Debug|Any CPU
		{AADBA09F-56AE-4506-A63D-33B957F6B60B}.Debug|Any CPU.Build.0 = Debug|Any CPU
		{AADBA09F-56AE-4506-A63D-33B957F6B60B}.Release|Any CPU.ActiveCfg = Release|Any CPU
	EndGlobalSection
EndGlobal
